
Microsoft Visual Studio Solution File, Format Version 12.00
# Visual Studio Version 16
VisualStudioVersion = 16.0.34301.259
MinimumVisualStudioVersion = 10.0.40219.1
Project("{FAE04EC0-301F-11D3-BF4B-00C04F79EFBC}") = "Invent_Petrov", "Invent_Petrov.csproj", "{B09A26A6-1621-41AB-AB9E-DD2D5E38A81D}"
EndProject
Global
	GlobalSection(SolutionConfigurationPlatforms) = preSolution
		Debug|Any CPU = Debug|Any CPU
		Release|Any CPU = Release|Any CPU
	EndGlobalSection
	GlobalSection(ProjectConfigurationPlatforms) = postSolution
		{B09A26A6-1621-41AB-AB9E-DD2D5E38A81D}.Debug|Any CPU.ActiveCfg = Debug|Any CPU
		{B09A26A6-1621-41AB-AB9E-DD2D5E38A81D}.Debug|Any CPU.Build.0 = Debug|Any CPU
		{B09A26A6-1621-41AB-AB9E-DD2D5E38A81D}.Release|Any CPU.ActiveCfg = Release|Any CPU
		{B09A26A6-1621-41AB-AB9E-DD2D5E38A81D}.Release|Any CPU.Build.0 = Release|Any CPU
	EndGlobalSection
	GlobalSection(SolutionProperties) = preSolution
		HideSolutionNode = FALSE
	EndGlobalSection
	GlobalSection(ExtensibilityGlobals) = postSolution
		SolutionGuid = {8BCB0187-F64C-4242-8680-50FC9EC90539}
	EndGlobalSection
EndGlobal
